
Microsoft Visual Studio Solution File, Format Version 12.00
# Visual Studio Version 17
VisualStudioVersion = 17.6.33417.168
MinimumVisualStudioVersion = 10.0.40219.1
Project("{9A19103F-16F7-4668-BE54-9A1E7A4F7556}") = "Twileloop.JetAPI", "Twileloop.JetAPI\Twileloop.JetAPI.csproj", "{D08F44ED-4C6A-454A-BAC3-3E8612246AB0}"
EndProject
Project("{9A19103F-16F7-4668-BE54-9A1E7A4F7556}") = "Twileloop.JetAPI.Demo", "Twileloop.JetAPI.Demo\Twileloop.JetAPI.Demo.csproj", "{93CB254B-37C5-4054-BA44-ACB877BB870A}"
EndProject
Project("{FAE04EC0-301F-11D3-BF4B-00C04F79EFBC}") = "Twileloop.JetAPI.DemoServer", "Twileloop.JetAPI.DemoServer\Twileloop.JetAPI.DemoServer.csproj", "{2BE88FDA-A199-4D80-8CE9-9FE6E2799A39}"
EndProject
Global
	GlobalSection(SolutionConfigurationPlatforms) = preSolution
		Debug|Any CPU = Debug|Any CPU
		Release|Any CPU = Release|Any CPU
	EndGlobalSection
	GlobalSection(ProjectConfigurationPlatforms) = postSolution
		{D08F44ED-4C6A-454A-BAC3-3E8612246AB0}.Debug|Any CPU.ActiveCfg = Debug|Any CPU
		{D08F44ED-4C6A-454A-BAC3-3E8612246AB0}.Debug|Any CPU.Build.0 = Debug|Any CPU
		{D08F44ED-4C6A-454A-BAC3-3E8612246AB0}.Release|Any CPU.ActiveCfg = Release|Any CPU
		{D08F44ED-4C6A-454A-BAC3-3E8612246AB0}.Release|Any CPU.Build.0 = Release|Any CPU
		{93CB254B-37C5-4054-BA44-ACB877BB870A}.Debug|Any CPU.ActiveCfg = Debug|Any CPU
		{93CB254B-37C5-4054-BA44-ACB877BB870A}.Debug|Any CPU.Build.0 = Debug|Any CPU
		{93CB254B-37C5-4054-BA44-ACB877BB870A}.Release|Any CPU.ActiveCfg = Release|Any CPU
		{93CB254B-37C5-4054-BA44-ACB877BB870A}.Release|Any CPU.Build.0 = Release|Any CPU
		{2BE88FDA-A199-4D80-8CE9-9FE6E2799A39}.Debug|Any CPU.ActiveCfg = Debug|Any CPU
		{2BE88FDA-A199-4D80-8CE9-9FE6E2799A39}.Debug|Any CPU.Build.0 = Debug|Any CPU
		{2BE88FDA-A199-4D80-8CE9-9FE6E2799A39}.Release|Any CPU.ActiveCfg = Release|Any CPU
		{2BE88FDA-A199-4D80-8CE9-9FE6E2799A39}.Release|Any CPU.Build.0 = Release|Any CPU
	EndGlobalSection
	GlobalSection(SolutionProperties) = preSolution
		HideSolutionNode = FALSE
	EndGlobalSection
	GlobalSection(ExtensibilityGlobals) = postSolution
		SolutionGuid = {B89EE9B8-5794-4884-9265-F6BF5668CD51}
	EndGlobalSection
EndGlobal
